
Microsoft Visual Studio Solution File, Format Version 12.00
# Visual Studio 15
VisualStudioVersion = 15.0.28307.438
MinimumVisualStudioVersion = 10.0.40219.1
Project("{FAE04EC0-301F-11D3-BF4B-00C04F79EFBC}") = "WebAPI", "WebAPI\WebAPI.csproj", "{5088392C-1991-45B5-AC45-BCFE263ECA68}"
EndProject
Project("{FAE04EC0-301F-11D3-BF4B-00C04F79EFBC}") = "WebAPI.xUnit", "WebAPI.xUnit\WebAPI.xUnit.csproj", "{F5CC390B-3479-4D10-8B68-39FA3B0D4E32}"
EndProject
Global
	GlobalSection(SolutionConfigurationPlatforms) = preSolution
		Debug|Any CPU = Debug|Any CPU
		Release|Any CPU = Release|Any CPU
	EndGlobalSection
	GlobalSection(ProjectConfigurationPlatforms) = postSolution
		{5088392C-1991-45B5-AC45-BCFE263ECA68}.Debug|Any CPU.ActiveCfg = Debug|Any CPU
		{5088392C-1991-45B5-AC45-BCFE263ECA68}.Debug|Any CPU.Build.0 = Debug|Any CPU
		{5088392C-1991-45B5-AC45-BCFE263ECA68}.Release|Any CPU.ActiveCfg = Release|Any CPU
		{5088392C-1991-45B5-AC45-BCFE263ECA68}.Release|Any CPU.Build.0 = Release|Any CPU
		{F5CC390B-3479-4D10-8B68-39FA3B0D4E32}.Debug|Any CPU.ActiveCfg = Debug|Any CPU
		{F5CC390B-3479-4D10-8B68-39FA3B0D4E32}.Debug|Any CPU.Build.0 = Debug|Any CPU
		{F5CC390B-3479-4D10-8B68-39FA3B0D4E32}.Release|Any CPU.ActiveCfg = Release|Any CPU
		{F5CC390B-3479-4D10-8B68-39FA3B0D4E32}.Release|Any CPU.Build.0 = Release|Any CPU
	EndGlobalSection
	GlobalSection(SolutionProperties) = preSolution
		HideSolutionNode = FALSE
	EndGlobalSection
	GlobalSection(ExtensibilityGlobals) = postSolution
		SolutionGuid = {796638B8-E2ED-4B91-B62A-32515E07B5E9}
	EndGlobalSection
EndGlobal
